{
  "name": "tetsushi_fukabori",
  "requires": true,
  "lockfileVersion": 1,
  "dependencies": {
    "google-palette": {
      "version": "1.1.0",
      "resolved": "https://registry.npmjs.org/google-palette/-/google-palette-1.1.0.tgz",
      "integrity": "sha512-rg4XQMVYQ83fQUylt2qrzCQ0C06ZrGl3+gh0XIXanyX+7SOkDCtFIn7gV3UMumg/R9HUL1zHtz5Myw3Z5BHCPg=="
    }
  }
}
